// !$*UTF8*$!
{
	archiveVersion = 1;
	classes = {
	};
	objectVersion = 56;
	objects = {

/* Begin PBXBuildFile section */
		CD0E38A82C0D99BE00F9BF92 /* AppDelegate.swift in Sources */ = {isa = PBXBuildFile; fileRef = CD0E38A72C0D99BE00F9BF92 /* AppDelegate.swift */; };
		CD0E38AA2C0D99BE00F9BF92 /* SceneDelegate.swift in Sources */ = {isa = PBXBuildFile; fileRef = CD0E38A92C0D99BE00F9BF92 /* SceneDelegate.swift */; };
		CD0E38AC2C0D99BE00F9BF92 /* MainViewController.swift in Sources */ = {isa = PBXBuildFile; fileRef = CD0E38AB2C0D99BE00F9BF92 /* MainViewController.swift */; };
		CD0E38B22C0D99BE00F9BF92 /* GaGyeBoo.xcdatamodeld in Sources */ = {isa = PBXBuildFile; fileRef = CD0E38B02C0D99BE00F9BF92 /* GaGyeBoo.xcdatamodeld */; };
		CD0E38B42C0D99BF00F9BF92 /* Assets.xcassets in Resources */ = {isa = PBXBuildFile; fileRef = CD0E38B32C0D99BF00F9BF92 /* Assets.xcassets */; };
		CD0E38B72C0D99BF00F9BF92 /* Base in Resources */ = {isa = PBXBuildFile; fileRef = CD0E38B62C0D99BF00F9BF92 /* Base */; };
		CD0E38C22C0D9C4300F9BF92 /* .gitignore in Resources */ = {isa = PBXBuildFile; fileRef = CD0E38C12C0D9C4300F9BF92 /* .gitignore */; };
		CD0E38C42C0D9DB300F9BF92 /* GaGyeBooModel.swift in Sources */ = {isa = PBXBuildFile; fileRef = CD0E38C32C0D9DB300F9BF92 /* GaGyeBooModel.swift */; };
		CD25740F2C0ECC3900BC4844 /* AddViewController.swift in Sources */ = {isa = PBXBuildFile; fileRef = CD25740E2C0ECC3900BC4844 /* AddViewController.swift */; };
		CD2574112C0ECC4000BC4844 /* SettingViewController.swift in Sources */ = {isa = PBXBuildFile; fileRef = CD2574102C0ECC4000BC4844 /* SettingViewController.swift */; };
		CD2574132C0ECC6300BC4844 /* StatisticsViewController.swift in Sources */ = {isa = PBXBuildFile; fileRef = CD2574122C0ECC6300BC4844 /* StatisticsViewController.swift */; };
		CD2574162C0ECEB000BC4844 /* MainView.swift in Sources */ = {isa = PBXBuildFile; fileRef = CD2574152C0ECEB000BC4844 /* MainView.swift */; };
		CD2574182C0ECEB500BC4844 /* AddView.swift in Sources */ = {isa = PBXBuildFile; fileRef = CD2574172C0ECEB500BC4844 /* AddView.swift */; };
		CD25741A2C0ECEBA00BC4844 /* SettingView.swift in Sources */ = {isa = PBXBuildFile; fileRef = CD2574192C0ECEBA00BC4844 /* SettingView.swift */; };
		CD25741C2C0ECEC600BC4844 /* StatisticsView.swift in Sources */ = {isa = PBXBuildFile; fileRef = CD25741B2C0ECEC600BC4844 /* StatisticsView.swift */; };
/* End PBXBuildFile section */

/* Begin PBXFileReference section */
		CD0E38A42C0D99BE00F9BF92 /* GaGyeBoo.app */ = {isa = PBXFileReference; explicitFileType = wrapper.application; includeInIndex = 0; path = GaGyeBoo.app; sourceTree = BUILT_PRODUCTS_DIR; };
		CD0E38A72C0D99BE00F9BF92 /* AppDelegate.swift */ = {isa = PBXFileReference; lastKnownFileType = sourcecode.swift; path = AppDelegate.swift; sourceTree = "<group>"; };
		CD0E38A92C0D99BE00F9BF92 /* SceneDelegate.swift */ = {isa = PBXFileReference; lastKnownFileType = sourcecode.swift; path = SceneDelegate.swift; sourceTree = "<group>"; };
		CD0E38AB2C0D99BE00F9BF92 /* MainViewController.swift */ = {isa = PBXFileReference; lastKnownFileType = sourcecode.swift; path = MainViewController.swift; sourceTree = "<group>"; };
		CD0E38B12C0D99BE00F9BF92 /* GaGyeBoo.xcdatamodel */ = {isa = PBXFileReference; lastKnownFileType = wrapper.xcdatamodel; path = GaGyeBoo.xcdatamodel; sourceTree = "<group>"; };
		CD0E38B32C0D99BF00F9BF92 /* Assets.xcassets */ = {isa = PBXFileReference; lastKnownFileType = folder.assetcatalog; path = Assets.xcassets; sourceTree = "<group>"; };
		CD0E38B62C0D99BF00F9BF92 /* Base */ = {isa = PBXFileReference; lastKnownFileType = file.storyboard; name = Base; path = Base.lproj/LaunchScreen.storyboard; sourceTree = "<group>"; };
		CD0E38B82C0D99BF00F9BF92 /* Info.plist */ = {isa = PBXFileReference; lastKnownFileType = text.plist.xml; path = Info.plist; sourceTree = "<group>"; };
		CD0E38C12C0D9C4300F9BF92 /* .gitignore */ = {isa = PBXFileReference; lastKnownFileType = text; path = .gitignore; sourceTree = "<group>"; };
		CD0E38C32C0D9DB300F9BF92 /* GaGyeBooModel.swift */ = {isa = PBXFileReference; lastKnownFileType = sourcecode.swift; path = GaGyeBooModel.swift; sourceTree = "<group>"; };
		CD25740E2C0ECC3900BC4844 /* AddViewController.swift */ = {isa = PBXFileReference; lastKnownFileType = sourcecode.swift; path = AddViewController.swift; sourceTree = "<group>"; };
		CD2574102C0ECC4000BC4844 /* SettingViewController.swift */ = {isa = PBXFileReference; lastKnownFileType = sourcecode.swift; path = SettingViewController.swift; sourceTree = "<group>"; };
		CD2574122C0ECC6300BC4844 /* StatisticsViewController.swift */ = {isa = PBXFileReference; lastKnownFileType = sourcecode.swift; path = StatisticsViewController.swift; sourceTree = "<group>"; };
		CD2574152C0ECEB000BC4844 /* MainView.swift */ = {isa = PBXFileReference; lastKnownFileType = sourcecode.swift; path = MainView.swift; sourceTree = "<group>"; };
		CD2574172C0ECEB500BC4844 /* AddView.swift */ = {isa = PBXFileReference; lastKnownFileType = sourcecode.swift; path = AddView.swift; sourceTree = "<group>"; };
		CD2574192C0ECEBA00BC4844 /* SettingView.swift */ = {isa = PBXFileReference; lastKnownFileType = sourcecode.swift; path = SettingView.swift; sourceTree = "<group>"; };
		CD25741B2C0ECEC600BC4844 /* StatisticsView.swift */ = {isa = PBXFileReference; lastKnownFileType = sourcecode.swift; path = StatisticsView.swift; sourceTree = "<group>"; };
/* End PBXFileReference section */

/* Begin PBXFrameworksBuildPhase section */
		CD0E38A12C0D99BE00F9BF92 /* Frameworks */ = {
			isa = PBXFrameworksBuildPhase;
			buildActionMask = 2147483647;
			files = (
			);
			runOnlyForDeploymentPostprocessing = 0;
		};
/* End PBXFrameworksBuildPhase section */

/* Begin PBXGroup section */
		CD0E389B2C0D99BE00F9BF92 = {
			isa = PBXGroup;
			children = (
				CD0E38C12C0D9C4300F9BF92 /* .gitignore */,
				CD0E38A62C0D99BE00F9BF92 /* GaGyeBoo */,
				CD0E38A52C0D99BE00F9BF92 /* Products */,
			);
			sourceTree = "<group>";
		};
		CD0E38A52C0D99BE00F9BF92 /* Products */ = {
			isa = PBXGroup;
			children = (
				CD0E38A42C0D99BE00F9BF92 /* GaGyeBoo.app */,
			);
			name = Products;
			sourceTree = "<group>";
		};
		CD0E38A62C0D99BE00F9BF92 /* GaGyeBoo */ = {
			isa = PBXGroup;
			children = (
				CD0E38C02C0D9A3900F9BF92 /* Datas */,
				CD0E38BE2C0D99DA00F9BF92 /* Models */,
				CD2574142C0ECEA300BC4844 /* Views */,
				CD0E38BF2C0D99DF00F9BF92 /* Controllers */,
				CD0E38A72C0D99BE00F9BF92 /* AppDelegate.swift */,
				CD0E38A92C0D99BE00F9BF92 /* SceneDelegate.swift */,
				CD0E38B32C0D99BF00F9BF92 /* Assets.xcassets */,
				CD0E38B52C0D99BF00F9BF92 /* LaunchScreen.storyboard */,
				CD0E38B82C0D99BF00F9BF92 /* Info.plist */,
			);
			path = GaGyeBoo;
			sourceTree = "<group>";
		};
		CD0E38BE2C0D99DA00F9BF92 /* Models */ = {
			isa = PBXGroup;
			children = (
				CD0E38C32C0D9DB300F9BF92 /* GaGyeBooModel.swift */,
			);
			path = Models;
			sourceTree = "<group>";
		};
		CD0E38BF2C0D99DF00F9BF92 /* Controllers */ = {
			isa = PBXGroup;
			children = (
				CD0E38AB2C0D99BE00F9BF92 /* MainViewController.swift */,
				CD25740E2C0ECC3900BC4844 /* AddViewController.swift */,
				CD2574122C0ECC6300BC4844 /* StatisticsViewController.swift */,
				CD2574102C0ECC4000BC4844 /* SettingViewController.swift */,
			);
			path = Controllers;
			sourceTree = "<group>";
		};
		CD0E38C02C0D9A3900F9BF92 /* Datas */ = {
			isa = PBXGroup;
			children = (
				CD0E38B02C0D99BE00F9BF92 /* GaGyeBoo.xcdatamodeld */,
			);
			path = Datas;
			sourceTree = "<group>";
		};
		CD2574142C0ECEA300BC4844 /* Views */ = {
			isa = PBXGroup;
			children = (
				CD2574152C0ECEB000BC4844 /* MainView.swift */,
				CD2574172C0ECEB500BC4844 /* AddView.swift */,
				CD25741B2C0ECEC600BC4844 /* StatisticsView.swift */,
				CD2574192C0ECEBA00BC4844 /* SettingView.swift */,
			);
			path = Views;
			sourceTree = "<group>";
		};
/* End PBXGroup section */

/* Begin PBXNativeTarget section */
		CD0E38A32C0D99BE00F9BF92 /* GaGyeBoo */ = {
			isa = PBXNativeTarget;
			buildConfigurationList = CD0E38BB2C0D99BF00F9BF92 /* Build configuration list for PBXNativeTarget "GaGyeBoo" */;
			buildPhases = (
				CD0E38A02C0D99BE00F9BF92 /* Sources */,
				CD0E38A12C0D99BE00F9BF92 /* Frameworks */,
				CD0E38A22C0D99BE00F9BF92 /* Resources */,
			);
			buildRules = (
			);
			dependencies = (
			);
			name = GaGyeBoo;
			productName = GaGyeBoo;
			productReference = CD0E38A42C0D99BE00F9BF92 /* GaGyeBoo.app */;
			productType = "com.apple.product-type.application";
		};
/* End PBXNativeTarget section */

/* Begin PBXProject section */
		CD0E389C2C0D99BE00F9BF92 /* Project object */ = {
			isa = PBXProject;
			attributes = {
				BuildIndependentTargetsInParallel = 1;
				LastSwiftUpdateCheck = 1540;
				LastUpgradeCheck = 1540;
				TargetAttributes = {
					CD0E38A32C0D99BE00F9BF92 = {
						CreatedOnToolsVersion = 15.4;
					};
				};
			};
			buildConfigurationList = CD0E389F2C0D99BE00F9BF92 /* Build configuration list for PBXProject "GaGyeBoo" */;
			compatibilityVersion = "Xcode 14.0";
			developmentRegion = en;
			hasScannedForEncodings = 0;
			knownRegions = (
				en,
				Base,
			);
			mainGroup = CD0E389B2C0D99BE00F9BF92;
			productRefGroup = CD0E38A52C0D99BE00F9BF92 /* Products */;
			projectDirPath = "";
			projectRoot = "";
			targets = (
				CD0E38A32C0D99BE00F9BF92 /* GaGyeBoo */,
			);
		};
/* End PBXProject section */

/* Begin PBXResourcesBuildPhase section */
		CD0E38A22C0D99BE00F9BF92 /* Resources */ = {
			isa = PBXResourcesBuildPhase;
			buildActionMask = 2147483647;
			files = (
				CD0E38B42C0D99BF00F9BF92 /* Assets.xcassets in Resources */,
				CD0E38C22C0D9C4300F9BF92 /* .gitignore in Resources */,
				CD0E38B72C0D99BF00F9BF92 /* Base in Resources */,
			);
			runOnlyForDeploymentPostprocessing = 0;
		};
/* End PBXResourcesBuildPhase section */

/* Begin PBXSourcesBuildPhase section */
		CD0E38A02C0D99BE00F9BF92 /* Sources */ = {
			isa = PBXSourcesBuildPhase;
			buildActionMask = 2147483647;
			files = (
				CD0E38AC2C0D99BE00F9BF92 /* MainViewController.swift in Sources */,
				CD2574162C0ECEB000BC4844 /* MainView.swift in Sources */,
				CD2574182C0ECEB500BC4844 /* AddView.swift in Sources */,
				CD0E38C42C0D9DB300F9BF92 /* GaGyeBooModel.swift in Sources */,
				CD2574132C0ECC6300BC4844 /* StatisticsViewController.swift in Sources */,
				CD25740F2C0ECC3900BC4844 /* AddViewController.swift in Sources */,
				CD0E38A82C0D99BE00F9BF92 /* AppDelegate.swift in Sources */,
				CD0E38B22C0D99BE00F9BF92 /* GaGyeBoo.xcdatamodeld in Sources */,
				CD25741C2C0ECEC600BC4844 /* StatisticsView.swift in Sources */,
				CD2574112C0ECC4000BC4844 /* SettingViewController.swift in Sources */,
				CD0E38AA2C0D99BE00F9BF92 /* SceneDelegate.swift in Sources */,
				CD25741A2C0ECEBA00BC4844 /* SettingView.swift in Sources */,
			);
			runOnlyForDeploymentPostprocessing = 0;
		};
/* End PBXSourcesBuildPhase section */

/* Begin PBXVariantGroup section */
		CD0E38B52C0D99BF00F9BF92 /* LaunchScreen.storyboard */ = {
			isa = PBXVariantGroup;
			children = (
				CD0E38B62C0D99BF00F9BF92 /* Base */,
			);
			name = LaunchScreen.storyboard;
			sourceTree = "<group>";
		};
/* End PBXVariantGroup section */

/* Begin XCBuildConfiguration section */
		CD0E38B92C0D99BF00F9BF92 /* Debug */ = {
			isa = XCBuildConfiguration;
			buildSettings = {
				ALWAYS_SEARCH_USER_PATHS = NO;
				ASSETCATALOG_COMPILER_GENERATE_SWIFT_ASSET_SYMBOL_EXTENSIONS = YES;
				CLANG_ANALYZER_NONNULL = YES;
				CLANG_ANALYZER_NUMBER_OBJECT_CONVERSION = YES_AGGRESSIVE;
				CLANG_CXX_LANGUAGE_STANDARD = "gnu++20";
				CLANG_ENABLE_MODULES = YES;
				CLANG_ENABLE_OBJC_ARC = YES;
				CLANG_ENABLE_OBJC_WEAK = YES;
				CLANG_WARN_BLOCK_CAPTURE_AUTORELEASING = YES;
				CLANG_WARN_BOOL_CONVERSION = YES;
				CLANG_WARN_COMMA = YES;
				CLANG_WARN_CONSTANT_CONVERSION = YES;
				CLANG_WARN_DEPRECATED_OBJC_IMPLEMENTATIONS = YES;
				CLANG_WARN_DIRECT_OBJC_ISA_USAGE = YES_ERROR;
				CLANG_WARN_DOCUMENTATION_COMMENTS = YES;
				CLANG_WARN_EMPTY_BODY = YES;
				CLANG_WARN_ENUM_CONVERSION = YES;
				CLANG_WARN_INFINITE_RECURSION = YES;
				CLANG_WARN_INT_CONVERSION = YES;
				CLANG_WARN_NON_LITERAL_NULL_CONVERSION = YES;
				CLANG_WARN_OBJC_IMPLICIT_RETAIN_SELF = YES;
				CLANG_WARN_OBJC_LITERAL_CONVERSION = YES;
				CLANG_WARN_OBJC_ROOT_CLASS = YES_ERROR;
				CLANG_WARN_QUOTED_INCLUDE_IN_FRAMEWORK_HEADER = YES;
				CLANG_WARN_RANGE_LOOP_ANALYSIS = YES;
				CLANG_WARN_STRICT_PROTOTYPES = YES;
				CLANG_WARN_SUSPICIOUS_MOVE = YES;
				CLANG_WARN_UNGUARDED_AVAILABILITY = YES_AGGRESSIVE;
				CLANG_WARN_UNREACHABLE_CODE = YES;
				CLANG_WARN__DUPLICATE_METHOD_MATCH = YES;
				COPY_PHASE_STRIP = NO;
				DEBUG_INFORMATION_FORMAT = dwarf;
				ENABLE_STRICT_OBJC_MSGSEND = YES;
				ENABLE_TESTABILITY = YES;
				ENABLE_USER_SCRIPT_SANDBOXING = YES;
				GCC_C_LANGUAGE_STANDARD = gnu17;
				GCC_DYNAMIC_NO_PIC = NO;
				GCC_NO_COMMON_BLOCKS = YES;
				GCC_OPTIMIZATION_LEVEL = 0;
				GCC_PREPROCESSOR_DEFINITIONS = (
					"DEBUG=1",
					"$(inherited)",
				);
				GCC_WARN_64_TO_32_BIT_CONVERSION = YES;
				GCC_WARN_ABOUT_RETURN_TYPE = YES_ERROR;
				GCC_WARN_UNDECLARED_SELECTOR = YES;
				GCC_WARN_UNINITIALIZED_AUTOS = YES_AGGRESSIVE;
				GCC_WARN_UNUSED_FUNCTION = YES;
				GCC_WARN_UNUSED_VARIABLE = YES;
				IPHONEOS_DEPLOYMENT_TARGET = 17.5;
				LOCALIZATION_PREFERS_STRING_CATALOGS = YES;
				MTL_ENABLE_DEBUG_INFO = INCLUDE_SOURCE;
				MTL_FAST_MATH = YES;
				ONLY_ACTIVE_ARCH = YES;
				SDKROOT = iphoneos;
				SWIFT_ACTIVE_COMPILATION_CONDITIONS = "DEBUG $(inherited)";
				SWIFT_OPTIMIZATION_LEVEL = "-Onone";
			};
			name = Debug;
		};
		CD0E38BA2C0D99BF00F9BF92 /* Release */ = {
			isa = XCBuildConfiguration;
			buildSettings = {
				ALWAYS_SEARCH_USER_PATHS = NO;
				ASSETCATALOG_COMPILER_GENERATE_SWIFT_ASSET_SYMBOL_EXTENSIONS = YES;
				CLANG_ANALYZER_NONNULL = YES;
				CLANG_ANALYZER_NUMBER_OBJECT_CONVERSION = YES_AGGRESSIVE;
				CLANG_CXX_LANGUAGE_STANDARD = "gnu++20";
				CLANG_ENABLE_MODULES = YES;
				CLANG_ENABLE_OBJC_ARC = YES;
				CLANG_ENABLE_OBJC_WEAK = YES;
				CLANG_WARN_BLOCK_CAPTURE_AUTORELEASING = YES;
				CLANG_WARN_BOOL_CONVERSION = YES;
				CLANG_WARN_COMMA = YES;
				CLANG_WARN_CONSTANT_CONVERSION = YES;
				CLANG_WARN_DEPRECATED_OBJC_IMPLEMENTATIONS = YES;
				CLANG_WARN_DIRECT_OBJC_ISA_USAGE = YES_ERROR;
				CLANG_WARN_DOCUMENTATION_COMMENTS = YES;
				CLANG_WARN_EMPTY_BODY = YES;
				CLANG_WARN_ENUM_CONVERSION = YES;
				CLANG_WARN_INFINITE_RECURSION = YES;
				CLANG_WARN_INT_CONVERSION = YES;
				CLANG_WARN_NON_LITERAL_NULL_CONVERSION = YES;
				CLANG_WARN_OBJC_IMPLICIT_RETAIN_SELF = YES;
				CLANG_WARN_OBJC_LITERAL_CONVERSION = YES;
				CLANG_WARN_OBJC_ROOT_CLASS = YES_ERROR;
				CLANG_WARN_QUOTED_INCLUDE_IN_FRAMEWORK_HEADER = YES;
				CLANG_WARN_RANGE_LOOP_ANALYSIS = YES;
				CLANG_WARN_STRICT_PROTOTYPES = YES;
				CLANG_WARN_SUSPICIOUS_MOVE = YES;
				CLANG_WARN_UNGUARDED_AVAILABILITY = YES_AGGRESSIVE;
				CLANG_WARN_UNREACHABLE_CODE = YES;
				CLANG_WARN__DUPLICATE_METHOD_MATCH = YES;
				COPY_PHASE_STRIP = NO;
				DEBUG_INFORMATION_FORMAT = "dwarf-with-dsym";
				ENABLE_NS_ASSERTIONS = NO;
				ENABLE_STRICT_OBJC_MSGSEND = YES;
				ENABLE_USER_SCRIPT_SANDBOXING = YES;
				GCC_C_LANGUAGE_STANDARD = gnu17;
				GCC_NO_COMMON_BLOCKS = YES;
				GCC_WARN_64_TO_32_BIT_CONVERSION = YES;
				GCC_WARN_ABOUT_RETURN_TYPE = YES_ERROR;
				GCC_WARN_UNDECLARED_SELECTOR = YES;
				GCC_WARN_UNINITIALIZED_AUTOS = YES_AGGRESSIVE;
				GCC_WARN_UNUSED_FUNCTION = YES;
				GCC_WARN_UNUSED_VARIABLE = YES;
				IPHONEOS_DEPLOYMENT_TARGET = 17.5;
				LOCALIZATION_PREFERS_STRING_CATALOGS = YES;
				MTL_ENABLE_DEBUG_INFO = NO;
				MTL_FAST_MATH = YES;
				SDKROOT = iphoneos;
				SWIFT_COMPILATION_MODE = wholemodule;
				VALIDATE_PRODUCT = YES;
			};
			name = Release;
		};
		CD0E38BC2C0D99BF00F9BF92 /* Debug */ = {
			isa = XCBuildConfiguration;
			buildSettings = {
				ASSETCATALOG_COMPILER_APPICON_NAME = AppIcon;
				ASSETCATALOG_COMPILER_GLOBAL_ACCENT_COLOR_NAME = AccentColor;
				CODE_SIGN_STYLE = Automatic;
				CURRENT_PROJECT_VERSION = 1;
				GENERATE_INFOPLIST_FILE = YES;
				INFOPLIST_FILE = GaGyeBoo/Info.plist;
				INFOPLIST_KEY_UIApplicationSupportsIndirectInputEvents = YES;
				INFOPLIST_KEY_UILaunchStoryboardName = LaunchScreen;
				INFOPLIST_KEY_UISupportedInterfaceOrientations_iPad = "UIInterfaceOrientationPortrait UIInterfaceOrientationPortraitUpsideDown UIInterfaceOrientationLandscapeLeft UIInterfaceOrientationLandscapeRight";
				INFOPLIST_KEY_UISupportedInterfaceOrientations_iPhone = "UIInterfaceOrientationPortrait UIInterfaceOrientationLandscapeLeft UIInterfaceOrientationLandscapeRight";
				IPHONEOS_DEPLOYMENT_TARGET = 17.4;
				LD_RUNPATH_SEARCH_PATHS = (
					"$(inherited)",
					"@executable_path/Frameworks",
				);
				MARKETING_VERSION = 1.0;
				PRODUCT_BUNDLE_IDENTIFIER = MadCow.GaGyeBoo;
				PRODUCT_NAME = "$(TARGET_NAME)";
				SWIFT_EMIT_LOC_STRINGS = YES;
				SWIFT_VERSION = 5.0;
				TARGETED_DEVICE_FAMILY = "1,2";
			};
			name = Debug;
		};
		CD0E38BD2C0D99BF00F9BF92 /* Release */ = {
			isa = XCBuildConfiguration;
			buildSettings = {
				ASSETCATALOG_COMPILER_APPICON_NAME = AppIcon;
				ASSETCATALOG_COMPILER_GLOBAL_ACCENT_COLOR_NAME = AccentColor;
				CODE_SIGN_STYLE = Automatic;
				CURRENT_PROJECT_VERSION = 1;
				GENERATE_INFOPLIST_FILE = YES;
				INFOPLIST_FILE = GaGyeBoo/Info.plist;
				INFOPLIST_KEY_UIApplicationSupportsIndirectInputEvents = YES;
				INFOPLIST_KEY_UILaunchStoryboardName = LaunchScreen;
				INFOPLIST_KEY_UISupportedInterfaceOrientations_iPad = "UIInterfaceOrientationPortrait UIInterfaceOrientationPortraitUpsideDown UIInterfaceOrientationLandscapeLeft UIInterfaceOrientationLandscapeRight";
				INFOPLIST_KEY_UISupportedInterfaceOrientations_iPhone = "UIInterfaceOrientationPortrait UIInterfaceOrientationLandscapeLeft UIInterfaceOrientationLandscapeRight";
				IPHONEOS_DEPLOYMENT_TARGET = 17.4;
				LD_RUNPATH_SEARCH_PATHS = (
					"$(inherited)",
					"@executable_path/Frameworks",
				);
				MARKETING_VERSION = 1.0;
				PRODUCT_BUNDLE_IDENTIFIER = MadCow.GaGyeBoo;
				PRODUCT_NAME = "$(TARGET_NAME)";
				SWIFT_EMIT_LOC_STRINGS = YES;
				SWIFT_VERSION = 5.0;
				TARGETED_DEVICE_FAMILY = "1,2";
			};
			name = Release;
		};
/* End XCBuildConfiguration section */

/* Begin XCConfigurationList section */
		CD0E389F2C0D99BE00F9BF92 /* Build configuration list for PBXProject "GaGyeBoo" */ = {
			isa = XCConfigurationList;
			buildConfigurations = (
				CD0E38B92C0D99BF00F9BF92 /* Debug */,
				CD0E38BA2C0D99BF00F9BF92 /* Release */,
			);
			defaultConfigurationIsVisible = 0;
			defaultConfigurationName = Release;
		};
		CD0E38BB2C0D99BF00F9BF92 /* Build configuration list for PBXNativeTarget "GaGyeBoo" */ = {
			isa = XCConfigurationList;
			buildConfigurations = (
				CD0E38BC2C0D99BF00F9BF92 /* Debug */,
				CD0E38BD2C0D99BF00F9BF92 /* Release */,
			);
			defaultConfigurationIsVisible = 0;
			defaultConfigurationName = Release;
		};
/* End XCConfigurationList section */

/* Begin XCVersionGroup section */
		CD0E38B02C0D99BE00F9BF92 /* GaGyeBoo.xcdatamodeld */ = {
			isa = XCVersionGroup;
			children = (
				CD0E38B12C0D99BE00F9BF92 /* GaGyeBoo.xcdatamodel */,
			);
			currentVersion = CD0E38B12C0D99BE00F9BF92 /* GaGyeBoo.xcdatamodel */;
			path = GaGyeBoo.xcdatamodeld;
			sourceTree = "<group>";
			versionGroupType = wrapper.xcdatamodel;
		};
/* End XCVersionGroup section */
	};
	rootObject = CD0E389C2C0D99BE00F9BF92 /* Project object */;
}
